
Microsoft Visual Studio Solution File, Format Version 12.00
# Visual Studio Version 16
VisualStudioVersion = 16.0.31624.102
MinimumVisualStudioVersion = 10.0.40219.1
Project("{FAE04EC0-301F-11D3-BF4B-00C04F79EFBC}") = "PongGameCs", "PongGameCs\PongGameCs.csproj", "{23E35092-DAE2-4075-ADD3-6553A1360368}"
EndProject
Global
	GlobalSection(SolutionConfigurationPlatforms) = preSolution
		Debug|Any CPU = Debug|Any CPU
		Release|Any CPU = Release|Any CPU
	EndGlobalSection
	GlobalSection(ProjectConfigurationPlatforms) = postSolution
		{23E35092-DAE2-4075-ADD3-6553A1360368}.Debug|Any CPU.ActiveCfg = Debug|Any CPU
		{23E35092-DAE2-4075-ADD3-6553A1360368}.Debug|Any CPU.Build.0 = Debug|Any CPU
		{23E35092-DAE2-4075-ADD3-6553A1360368}.Release|Any CPU.ActiveCfg = Release|Any CPU
		{23E35092-DAE2-4075-ADD3-6553A1360368}.Release|Any CPU.Build.0 = Release|Any CPU
	EndGlobalSection
	GlobalSection(SolutionProperties) = preSolution
		HideSolutionNode = FALSE
	EndGlobalSection
	GlobalSection(ExtensibilityGlobals) = postSolution
		SolutionGuid = {F1DAC6DF-CD65-4CC3-9025-46B85980BC7C}
	EndGlobalSection
EndGlobal
